
Microsoft Visual Studio Solution File, Format Version 12.00
# Visual Studio 14
VisualStudioVersion = 14.0.25420.1
MinimumVisualStudioVersion = 10.0.40219.1
Project("{FAE04EC0-301F-11D3-BF4B-00C04F79EFBC}") = "jcTM.WebAPI", "jcTM.WebAPI\jcTM.WebAPI.csproj", "{C481B726-1827-4F84-A748-268E1BCFF297}"
EndProject
Project("{FAE04EC0-301F-11D3-BF4B-00C04F79EFBC}") = "jcTM.WebAPI.DataLayer", "jcTM.WebAPI.DataLayer\jcTM.WebAPI.DataLayer.csproj", "{176071AC-E825-4E5D-B491-731598B5D080}"
EndProject
Project("{FAE04EC0-301F-11D3-BF4B-00C04F79EFBC}") = "jcTM.PCL", "jcTM.PCL\jcTM.PCL.csproj", "{EFD7973B-4424-4E12-8DFB-BC362A66C19B}"
EndProject
Project("{FAE04EC0-301F-11D3-BF4B-00C04F79EFBC}") = "jcTM.UWP", "jcTM.UWP\jcTM.UWP.csproj", "{F38A2BDA-F726-4CE0-8364-ED5F157B36F7}"
EndProject
Project("{FAE04EC0-301F-11D3-BF4B-00C04F79EFBC}") = "jcTM.UWP.IoT", "jcTM.UWP.IoT\jcTM.UWP.IoT.csproj", "{C841BC0F-6D8E-409E-AF7A-73A9E76F4346}"
EndProject
Project("{FAE04EC0-301F-11D3-BF4B-00C04F79EFBC}") = "jcTM.Mobile.Droid", "jcTM.Mobile\jcTM.Mobile.Droid\jcTM.Mobile.Droid.csproj", "{615D7428-670A-48B2-A6D5-7BA4C7DA11BB}"
EndProject
Project("{D954291E-2A0B-460D-934E-DC6B0785DB48}") = "jcTM.Mobile", "jcTM.Mobile\jcTM.Mobile\jcTM.Mobile.shproj", "{CF53F8E7-EA88-4B45-B232-3B6305C15213}"
EndProject
Global
	GlobalSection(SharedMSBuildProjectFiles) = preSolution
		jcTM.Mobile\jcTM.Mobile\jcTM.Mobile.projitems*{cf53f8e7-ea88-4b45-b232-3b6305c15213}*SharedItemsImports = 13
	EndGlobalSection
	GlobalSection(SolutionConfigurationPlatforms) = preSolution
		Ad-Hoc|Any CPU = Ad-Hoc|Any CPU
		Ad-Hoc|ARM = Ad-Hoc|ARM
		Ad-Hoc|iPhone = Ad-Hoc|iPhone
		Ad-Hoc|iPhoneSimulator = Ad-Hoc|iPhoneSimulator
		Ad-Hoc|x64 = Ad-Hoc|x64
		Ad-Hoc|x86 = Ad-Hoc|x86
		AppStore|Any CPU = AppStore|Any CPU
		AppStore|ARM = AppStore|ARM
		AppStore|iPhone = AppStore|iPhone
		AppStore|iPhoneSimulator = AppStore|iPhoneSimulator
		AppStore|x64 = AppStore|x64
		AppStore|x86 = AppStore|x86
		Debug|Any CPU = Debug|Any CPU
		Debug|ARM = Debug|ARM
		Debug|iPhone = Debug|iPhone
		Debug|iPhoneSimulator = Debug|iPhoneSimulator
		Debug|x64 = Debug|x64
		Debug|x86 = Debug|x86
		Release|Any CPU = Release|Any CPU
		Release|ARM = Release|ARM
		Release|iPhone = Release|iPhone
		Release|iPhoneSimulator = Release|iPhoneSimulator
		Release|x64 = Release|x64
		Release|x86 = Release|x86
	EndGlobalSection
	GlobalSection(ProjectConfigurationPlatforms) = postSolution
		{C481B726-1827-4F84-A748-268E1BCFF297}.Ad-Hoc|Any CPU.ActiveCfg = Release|Any CPU
		{C481B726-1827-4F84-A748-268E1BCFF297}.Ad-Hoc|Any CPU.Build.0 = Release|Any CPU
		{C481B726-1827-4F84-A748-268E1BCFF297}.Ad-Hoc|ARM.ActiveCfg = Release|Any CPU
		{C481B726-1827-4F84-A748-268E1BCFF297}.Ad-Hoc|ARM.Build.0 = Release|Any CPU
		{C481B726-1827-4F84-A748-268E1BCFF297}.Ad-Hoc|iPhone.ActiveCfg = Release|Any CPU
		{C481B726-1827-4F84-A748-268E1BCFF297}.Ad-Hoc|iPhone.Build.0 = Release|Any CPU
		{C481B726-1827-4F84-A748-268E1BCFF297}.Ad-Hoc|iPhoneSimulator.ActiveCfg = Release|Any CPU
		{C481B726-1827-4F84-A748-268E1BCFF297}.Ad-Hoc|iPhoneSimulator.Build.0 = Release|Any CPU
		{C481B726-1827-4F84-A748-268E1BCFF297}.Ad-Hoc|x64.ActiveCfg = Release|Any CPU
		{C481B726-1827-4F84-A748-268E1BCFF297}.Ad-Hoc|x64.Build.0 = Release|Any CPU
		{C481B726-1827-4F84-A748-268E1BCFF297}.Ad-Hoc|x86.ActiveCfg = Release|Any CPU
		{C481B726-1827-4F84-A748-268E1BCFF297}.Ad-Hoc|x86.Build.0 = Release|Any CPU
		{C481B726-1827-4F84-A748-268E1BCFF297}.AppStore|Any CPU.ActiveCfg = Release|Any CPU
		{C481B726-1827-4F84-A748-268E1BCFF297}.AppStore|Any CPU.Build.0 = Release|Any CPU
		{C481B726-1827-4F84-A748-268E1BCFF297}.AppStore|ARM.ActiveCfg = Release|Any CPU
		{C481B726-1827-4F84-A748-268E1BCFF297}.AppStore|ARM.Build.0 = Release|Any CPU
		{C481B726-1827-4F84-A748-268E1BCFF297}.AppStore|iPhone.ActiveCfg = Release|Any CPU
		{C481B726-1827-4F84-A748-268E1BCFF297}.AppStore|iPhone.Build.0 = Release|Any CPU
		{C481B726-1827-4F84-A748-268E1BCFF297}.AppStore|iPhoneSimulator.ActiveCfg = Release|Any CPU
		{C481B726-1827-4F84-A748-268E1BCFF297}.AppStore|iPhoneSimulator.Build.0 = Release|Any CPU
		{C481B726-1827-4F84-A748-268E1BCFF297}.AppStore|x64.ActiveCfg = Release|Any CPU
		{C481B726-1827-4F84-A748-268E1BCFF297}.AppStore|x64.Build.0 = Release|Any CPU
		{C481B726-1827-4F84-A748-268E1BCFF297}.AppStore|x86.ActiveCfg = Release|Any CPU
		{C481B726-1827-4F84-A748-268E1BCFF297}.AppStore|x86.Build.0 = Release|Any CPU
		{C481B726-1827-4F84-A748-268E1BCFF297}.Debug|Any CPU.ActiveCfg = Debug|Any CPU
		{C481B726-1827-4F84-A748-268E1BCFF297}.Debug|Any CPU.Build.0 = Debug|Any CPU
		{C481B726-1827-4F84-A748-268E1BCFF297}.Debug|ARM.ActiveCfg = Debug|Any CPU
		{C481B726-1827-4F84-A748-268E1BCFF297}.Debug|iPhone.ActiveCfg = Debug|Any CPU
		{C481B726-1827-4F84-A748-268E1BCFF297}.Debug|iPhone.Build.0 = Debug|Any CPU
		{C481B726-1827-4F84-A748-268E1BCFF297}.Debug|iPhoneSimulator.ActiveCfg = Debug|Any CPU
		{C481B726-1827-4F84-A748-268E1BCFF297}.Debug|iPhoneSimulator.Build.0 = Debug|Any CPU
		{C481B726-1827-4F84-A748-268E1BCFF297}.Debug|x64.ActiveCfg = Debug|Any CPU
		{C481B726-1827-4F84-A748-268E1BCFF297}.Debug|x64.Build.0 = Debug|Any CPU
		{C481B726-1827-4F84-A748-268E1BCFF297}.Debug|x86.ActiveCfg = Debug|Any CPU
		{C481B726-1827-4F84-A748-268E1BCFF297}.Debug|x86.Build.0 = Debug|Any CPU
		{C481B726-1827-4F84-A748-268E1BCFF297}.Release|Any CPU.ActiveCfg = Release|Any CPU
		{C481B726-1827-4F84-A748-268E1BCFF297}.Release|Any CPU.Build.0 = Release|Any CPU
		{C481B726-1827-4F84-A748-268E1BCFF297}.Release|ARM.ActiveCfg = Release|Any CPU
		{C481B726-1827-4F84-A748-268E1BCFF297}.Release|ARM.Build.0 = Release|Any CPU
		{C481B726-1827-4F84-A748-268E1BCFF297}.Release|iPhone.ActiveCfg = Release|Any CPU
		{C481B726-1827-4F84-A748-268E1BCFF297}.Release|iPhone.Build.0 = Release|Any CPU
		{C481B726-1827-4F84-A748-268E1BCFF297}.Release|iPhoneSimulator.ActiveCfg = Release|Any CPU
		{C481B726-1827-4F84-A748-268E1BCFF297}.Release|iPhoneSimulator.Build.0 = Release|Any CPU
		{C481B726-1827-4F84-A748-268E1BCFF297}.Release|x64.ActiveCfg = Release|Any CPU
		{C481B726-1827-4F84-A748-268E1BCFF297}.Release|x64.Build.0 = Release|Any CPU
		{C481B726-1827-4F84-A748-268E1BCFF297}.Release|x86.ActiveCfg = Release|Any CPU
		{C481B726-1827-4F84-A748-268E1BCFF297}.Release|x86.Build.0 = Release|Any CPU
		{176071AC-E825-4E5D-B491-731598B5D080}.Ad-Hoc|Any CPU.ActiveCfg = Release|Any CPU
		{176071AC-E825-4E5D-B491-731598B5D080}.Ad-Hoc|Any CPU.Build.0 = Release|Any CPU
		{176071AC-E825-4E5D-B491-731598B5D080}.Ad-Hoc|ARM.ActiveCfg = Release|Any CPU
		{176071AC-E825-4E5D-B491-731598B5D080}.Ad-Hoc|ARM.Build.0 = Release|Any CPU
		{176071AC-E825-4E5D-B491-731598B5D080}.Ad-Hoc|iPhone.ActiveCfg = Release|Any CPU
		{176071AC-E825-4E5D-B491-731598B5D080}.Ad-Hoc|iPhone.Build.0 = Release|Any CPU
		{176071AC-E825-4E5D-B491-731598B5D080}.Ad-Hoc|iPhoneSimulator.ActiveCfg = Release|Any CPU
		{176071AC-E825-4E5D-B491-731598B5D080}.Ad-Hoc|iPhoneSimulator.Build.0 = Release|Any CPU
		{176071AC-E825-4E5D-B491-731598B5D080}.Ad-Hoc|x64.ActiveCfg = Release|Any CPU
		{176071AC-E825-4E5D-B491-731598B5D080}.Ad-Hoc|x64.Build.0 = Release|Any CPU
		{176071AC-E825-4E5D-B491-731598B5D080}.Ad-Hoc|x86.ActiveCfg = Release|Any CPU
		{176071AC-E825-4E5D-B491-731598B5D080}.Ad-Hoc|x86.Build.0 = Release|Any CPU
		{176071AC-E825-4E5D-B491-731598B5D080}.AppStore|Any CPU.ActiveCfg = Release|Any CPU
		{176071AC-E825-4E5D-B491-731598B5D080}.AppStore|Any CPU.Build.0 = Release|Any CPU
		{176071AC-E825-4E5D-B491-731598B5D080}.AppStore|ARM.ActiveCfg = Release|Any CPU
		{176071AC-E825-4E5D-B491-731598B5D080}.AppStore|ARM.Build.0 = Release|Any CPU
		{176071AC-E825-4E5D-B491-731598B5D080}.AppStore|iPhone.ActiveCfg = Release|Any CPU
		{176071AC-E825-4E5D-B491-731598B5D080}.AppStore|iPhone.Build.0 = Release|Any CPU
		{176071AC-E825-4E5D-B491-731598B5D080}.AppStore|iPhoneSimulator.ActiveCfg = Release|Any CPU
		{176071AC-E825-4E5D-B491-731598B5D080}.AppStore|iPhoneSimulator.Build.0 = Release|Any CPU
		{176071AC-E825-4E5D-B491-731598B5D080}.AppStore|x64.ActiveCfg = Release|Any CPU
		{176071AC-E825-4E5D-B491-731598B5D080}.AppStore|x64.Build.0 = Release|Any CPU
		{176071AC-E825-4E5D-B491-731598B5D080}.AppStore|x86.ActiveCfg = Release|Any CPU
		{176071AC-E825-4E5D-B491-731598B5D080}.AppStore|x86.Build.0 = Release|Any CPU
		{176071AC-E825-4E5D-B491-731598B5D080}.Debug|Any CPU.ActiveCfg = Debug|Any CPU
		{176071AC-E825-4E5D-B491-731598B5D080}.Debug|Any CPU.Build.0 = Debug|Any CPU
		{176071AC-E825-4E5D-B491-731598B5D080}.Debug|ARM.ActiveCfg = Debug|Any CPU
		{176071AC-E825-4E5D-B491-731598B5D080}.Debug|iPhone.ActiveCfg = Debug|Any CPU
		{176071AC-E825-4E5D-B491-731598B5D080}.Debug|iPhone.Build.0 = Debug|Any CPU
		{176071AC-E825-4E5D-B491-731598B5D080}.Debug|iPhoneSimulator.ActiveCfg = Debug|Any CPU
		{176071AC-E825-4E5D-B491-731598B5D080}.Debug|iPhoneSimulator.Build.0 = Debug|Any CPU
		{176071AC-E825-4E5D-B491-731598B5D080}.Debug|x64.ActiveCfg = Debug|Any CPU
		{176071AC-E825-4E5D-B491-731598B5D080}.Debug|x64.Build.0 = Debug|Any CPU
		{176071AC-E825-4E5D-B491-731598B5D080}.Debug|x86.ActiveCfg = Debug|Any CPU
		{176071AC-E825-4E5D-B491-731598B5D080}.Debug|x86.Build.0 = Debug|Any CPU
		{176071AC-E825-4E5D-B491-731598B5D080}.Release|Any CPU.ActiveCfg = Release|Any CPU
		{176071AC-E825-4E5D-B491-731598B5D080}.Release|Any CPU.Build.0 = Release|Any CPU
		{176071AC-E825-4E5D-B491-731598B5D080}.Release|ARM.ActiveCfg = Release|Any CPU
		{176071AC-E825-4E5D-B491-731598B5D080}.Release|ARM.Build.0 = Release|Any CPU
		{176071AC-E825-4E5D-B491-731598B5D080}.Release|iPhone.ActiveCfg = Release|Any CPU
		{176071AC-E825-4E5D-B491-731598B5D080}.Release|iPhone.Build.0 = Release|Any CPU
		{176071AC-E825-4E5D-B491-731598B5D080}.Release|iPhoneSimulator.ActiveCfg = Release|Any CPU
		{176071AC-E825-4E5D-B491-731598B5D080}.Release|iPhoneSimulator.Build.0 = Release|Any CPU
		{176071AC-E825-4E5D-B491-731598B5D080}.Release|x64.ActiveCfg = Release|Any CPU
		{176071AC-E825-4E5D-B491-731598B5D080}.Release|x64.Build.0 = Release|Any CPU
		{176071AC-E825-4E5D-B491-731598B5D080}.Release|x86.ActiveCfg = Release|Any CPU
		{176071AC-E825-4E5D-B491-731598B5D080}.Release|x86.Build.0 = Release|Any CPU
		{EFD7973B-4424-4E12-8DFB-BC362A66C19B}.Ad-Hoc|Any CPU.ActiveCfg = Release|Any CPU
		{EFD7973B-4424-4E12-8DFB-BC362A66C19B}.Ad-Hoc|Any CPU.Build.0 = Release|Any CPU
		{EFD7973B-4424-4E12-8DFB-BC362A66C19B}.Ad-Hoc|ARM.ActiveCfg = Release|Any CPU
		{EFD7973B-4424-4E12-8DFB-BC362A66C19B}.Ad-Hoc|ARM.Build.0 = Release|Any CPU
		{EFD7973B-4424-4E12-8DFB-BC362A66C19B}.Ad-Hoc|iPhone.ActiveCfg = Release|Any CPU
		{EFD7973B-4424-4E12-8DFB-BC362A66C19B}.Ad-Hoc|iPhone.Build.0 = Release|Any CPU
		{EFD7973B-4424-4E12-8DFB-BC362A66C19B}.Ad-Hoc|iPhoneSimulator.ActiveCfg = Release|Any CPU
		{EFD7973B-4424-4E12-8DFB-BC362A66C19B}.Ad-Hoc|iPhoneSimulator.Build.0 = Release|Any CPU
		{EFD7973B-4424-4E12-8DFB-BC362A66C19B}.Ad-Hoc|x64.ActiveCfg = Release|Any CPU
		{EFD7973B-4424-4E12-8DFB-BC362A66C19B}.Ad-Hoc|x64.Build.0 = Release|Any CPU
		{EFD7973B-4424-4E12-8DFB-BC362A66C19B}.Ad-Hoc|x86.ActiveCfg = Release|Any CPU
		{EFD7973B-4424-4E12-8DFB-BC362A66C19B}.Ad-Hoc|x86.Build.0 = Release|Any CPU
		{EFD7973B-4424-4E12-8DFB-BC362A66C19B}.AppStore|Any CPU.ActiveCfg = Release|Any CPU
		{EFD7973B-4424-4E12-8DFB-BC362A66C19B}.AppStore|Any CPU.Build.0 = Release|Any CPU
		{EFD7973B-4424-4E12-8DFB-BC362A66C19B}.AppStore|ARM.ActiveCfg = Release|Any CPU
		{EFD7973B-4424-4E12-8DFB-BC362A66C19B}.AppStore|ARM.Build.0 = Release|Any CPU
		{EFD7973B-4424-4E12-8DFB-BC362A66C19B}.AppStore|iPhone.ActiveCfg = Release|Any CPU
		{EFD7973B-4424-4E12-8DFB-BC362A66C19B}.AppStore|iPhone.Build.0 = Release|Any CPU
		{EFD7973B-4424-4E12-8DFB-BC362A66C19B}.AppStore|iPhoneSimulator.ActiveCfg = Release|Any CPU
		{EFD7973B-4424-4E12-8DFB-BC362A66C19B}.AppStore|iPhoneSimulator.Build.0 = Release|Any CPU
		{EFD7973B-4424-4E12-8DFB-BC362A66C19B}.AppStore|x64.ActiveCfg = Release|Any CPU
		{EFD7973B-4424-4E12-8DFB-BC362A66C19B}.AppStore|x64.Build.0 = Release|Any CPU
		{EFD7973B-4424-4E12-8DFB-BC362A66C19B}.AppStore|x86.ActiveCfg = Release|Any CPU
		{EFD7973B-4424-4E12-8DFB-BC362A66C19B}.AppStore|x86.Build.0 = Release|Any CPU
		{EFD7973B-4424-4E12-8DFB-BC362A66C19B}.Debug|Any CPU.ActiveCfg = Debug|Any CPU
		{EFD7973B-4424-4E12-8DFB-BC362A66C19B}.Debug|Any CPU.Build.0 = Debug|Any CPU
		{EFD7973B-4424-4E12-8DFB-BC362A66C19B}.Debug|ARM.ActiveCfg = Debug|Any CPU
		{EFD7973B-4424-4E12-8DFB-BC362A66C19B}.Debug|ARM.Build.0 = Debug|Any CPU
		{EFD7973B-4424-4E12-8DFB-BC362A66C19B}.Debug|iPhone.ActiveCfg = Debug|Any CPU
		{EFD7973B-4424-4E12-8DFB-BC362A66C19B}.Debug|iPhone.Build.0 = Debug|Any CPU
		{EFD7973B-4424-4E12-8DFB-BC362A66C19B}.Debug|iPhoneSimulator.ActiveCfg = Debug|Any CPU
		{EFD7973B-4424-4E12-8DFB-BC362A66C19B}.Debug|iPhoneSimulator.Build.0 = Debug|Any CPU
		{EFD7973B-4424-4E12-8DFB-BC362A66C19B}.Debug|x64.ActiveCfg = Debug|Any CPU
		{EFD7973B-4424-4E12-8DFB-BC362A66C19B}.Debug|x64.Build.0 = Debug|Any CPU
		{EFD7973B-4424-4E12-8DFB-BC362A66C19B}.Debug|x86.ActiveCfg = Debug|Any CPU
		{EFD7973B-4424-4E12-8DFB-BC362A66C19B}.Debug|x86.Build.0 = Debug|Any CPU
		{EFD7973B-4424-4E12-8DFB-BC362A66C19B}.Release|Any CPU.ActiveCfg = Release|Any CPU
		{EFD7973B-4424-4E12-8DFB-BC362A66C19B}.Release|Any CPU.Build.0 = Release|Any CPU
		{EFD7973B-4424-4E12-8DFB-BC362A66C19B}.Release|ARM.ActiveCfg = Release|Any CPU
		{EFD7973B-4424-4E12-8DFB-BC362A66C19B}.Release|ARM.Build.0 = Release|Any CPU
		{EFD7973B-4424-4E12-8DFB-BC362A66C19B}.Release|iPhone.ActiveCfg = Release|Any CPU
		{EFD7973B-4424-4E12-8DFB-BC362A66C19B}.Release|iPhone.Build.0 = Release|Any CPU
		{EFD7973B-4424-4E12-8DFB-BC362A66C19B}.Release|iPhoneSimulator.ActiveCfg = Release|Any CPU
		{EFD7973B-4424-4E12-8DFB-BC362A66C19B}.Release|iPhoneSimulator.Build.0 = Release|Any CPU
		{EFD7973B-4424-4E12-8DFB-BC362A66C19B}.Release|x64.ActiveCfg = Release|Any CPU
		{EFD7973B-4424-4E12-8DFB-BC362A66C19B}.Release|x64.Build.0 = Release|Any CPU
		{EFD7973B-4424-4E12-8DFB-BC362A66C19B}.Release|x86.ActiveCfg = Release|Any CPU
		{EFD7973B-4424-4E12-8DFB-BC362A66C19B}.Release|x86.Build.0 = Release|Any CPU
		{F38A2BDA-F726-4CE0-8364-ED5F157B36F7}.Ad-Hoc|Any CPU.ActiveCfg = Release|x64
		{F38A2BDA-F726-4CE0-8364-ED5F157B36F7}.Ad-Hoc|Any CPU.Build.0 = Release|x64
		{F38A2BDA-F726-4CE0-8364-ED5F157B36F7}.Ad-Hoc|Any CPU.Deploy.0 = Release|x64
		{F38A2BDA-F726-4CE0-8364-ED5F157B36F7}.Ad-Hoc|ARM.ActiveCfg = Release|ARM
		{F38A2BDA-F726-4CE0-8364-ED5F157B36F7}.Ad-Hoc|ARM.Build.0 = Release|ARM
		{F38A2BDA-F726-4CE0-8364-ED5F157B36F7}.Ad-Hoc|ARM.Deploy.0 = Release|ARM
		{F38A2BDA-F726-4CE0-8364-ED5F157B36F7}.Ad-Hoc|iPhone.ActiveCfg = Release|x64
		{F38A2BDA-F726-4CE0-8364-ED5F157B36F7}.Ad-Hoc|iPhone.Build.0 = Release|x64
		{F38A2BDA-F726-4CE0-8364-ED5F157B36F7}.Ad-Hoc|iPhone.Deploy.0 = Release|x64
		{F38A2BDA-F726-4CE0-8364-ED5F157B36F7}.Ad-Hoc|iPhoneSimulator.ActiveCfg = Release|x64
		{F38A2BDA-F726-4CE0-8364-ED5F157B36F7}.Ad-Hoc|iPhoneSimulator.Build.0 = Release|x64
		{F38A2BDA-F726-4CE0-8364-ED5F157B36F7}.Ad-Hoc|iPhoneSimulator.Deploy.0 = Release|x64
		{F38A2BDA-F726-4CE0-8364-ED5F157B36F7}.Ad-Hoc|x64.ActiveCfg = Release|x64
		{F38A2BDA-F726-4CE0-8364-ED5F157B36F7}.Ad-Hoc|x64.Build.0 = Release|x64
		{F38A2BDA-F726-4CE0-8364-ED5F157B36F7}.Ad-Hoc|x64.Deploy.0 = Release|x64
		{F38A2BDA-F726-4CE0-8364-ED5F157B36F7}.Ad-Hoc|x86.ActiveCfg = Release|x86
		{F38A2BDA-F726-4CE0-8364-ED5F157B36F7}.Ad-Hoc|x86.Build.0 = Release|x86
		{F38A2BDA-F726-4CE0-8364-ED5F157B36F7}.Ad-Hoc|x86.Deploy.0 = Release|x86
		{F38A2BDA-F726-4CE0-8364-ED5F157B36F7}.AppStore|Any CPU.ActiveCfg = Release|x64
		{F38A2BDA-F726-4CE0-8364-ED5F157B36F7}.AppStore|Any CPU.Build.0 = Release|x64
		{F38A2BDA-F726-4CE0-8364-ED5F157B36F7}.AppStore|Any CPU.Deploy.0 = Release|x64
		{F38A2BDA-F726-4CE0-8364-ED5F157B36F7}.AppStore|ARM.ActiveCfg = Release|ARM
		{F38A2BDA-F726-4CE0-8364-ED5F157B36F7}.AppStore|ARM.Build.0 = Release|ARM
		{F38A2BDA-F726-4CE0-8364-ED5F157B36F7}.AppStore|ARM.Deploy.0 = Release|ARM
		{F38A2BDA-F726-4CE0-8364-ED5F157B36F7}.AppStore|iPhone.ActiveCfg = Release|x64
		{F38A2BDA-F726-4CE0-8364-ED5F157B36F7}.AppStore|iPhone.Build.0 = Release|x64
		{F38A2BDA-F726-4CE0-8364-ED5F157B36F7}.AppStore|iPhone.Deploy.0 = Release|x64
		{F38A2BDA-F726-4CE0-8364-ED5F157B36F7}.AppStore|iPhoneSimulator.ActiveCfg = Release|x64
		{F38A2BDA-F726-4CE0-8364-ED5F157B36F7}.AppStore|iPhoneSimulator.Build.0 = Release|x64
		{F38A2BDA-F726-4CE0-8364-ED5F157B36F7}.AppStore|iPhoneSimulator.Deploy.0 = Release|x64
		{F38A2BDA-F726-4CE0-8364-ED5F157B36F7}.AppStore|x64.ActiveCfg = Release|x64
		{F38A2BDA-F726-4CE0-8364-ED5F157B36F7}.AppStore|x64.Build.0 = Release|x64
		{F38A2BDA-F726-4CE0-8364-ED5F157B36F7}.AppStore|x64.Deploy.0 = Release|x64
		{F38A2BDA-F726-4CE0-8364-ED5F157B36F7}.AppStore|x86.ActiveCfg = Release|x86
		{F38A2BDA-F726-4CE0-8364-ED5F157B36F7}.AppStore|x86.Build.0 = Release|x86
		{F38A2BDA-F726-4CE0-8364-ED5F157B36F7}.AppStore|x86.Deploy.0 = Release|x86
		{F38A2BDA-F726-4CE0-8364-ED5F157B36F7}.Debug|Any CPU.ActiveCfg = Debug|x86
		{F38A2BDA-F726-4CE0-8364-ED5F157B36F7}.Debug|Any CPU.Build.0 = Debug|x86
		{F38A2BDA-F726-4CE0-8364-ED5F157B36F7}.Debug|Any CPU.Deploy.0 = Debug|x86
		{F38A2BDA-F726-4CE0-8364-ED5F157B36F7}.Debug|ARM.ActiveCfg = Debug|ARM
		{F38A2BDA-F726-4CE0-8364-ED5F157B36F7}.Debug|iPhone.ActiveCfg = Debug|x86
		{F38A2BDA-F726-4CE0-8364-ED5F157B36F7}.Debug|iPhoneSimulator.ActiveCfg = Debug|x86
		{F38A2BDA-F726-4CE0-8364-ED5F157B36F7}.Debug|x64.ActiveCfg = Debug|x64
		{F38A2BDA-F726-4CE0-8364-ED5F157B36F7}.Debug|x64.Build.0 = Debug|x64
		{F38A2BDA-F726-4CE0-8364-ED5F157B36F7}.Debug|x64.Deploy.0 = Debug|x64
		{F38A2BDA-F726-4CE0-8364-ED5F157B36F7}.Debug|x86.ActiveCfg = Debug|x86
		{F38A2BDA-F726-4CE0-8364-ED5F157B36F7}.Debug|x86.Build.0 = Debug|x86
		{F38A2BDA-F726-4CE0-8364-ED5F157B36F7}.Debug|x86.Deploy.0 = Debug|x86
		{F38A2BDA-F726-4CE0-8364-ED5F157B36F7}.Release|Any CPU.ActiveCfg = Release|x86
		{F38A2BDA-F726-4CE0-8364-ED5F157B36F7}.Release|ARM.ActiveCfg = Release|ARM
		{F38A2BDA-F726-4CE0-8364-ED5F157B36F7}.Release|ARM.Build.0 = Release|ARM
		{F38A2BDA-F726-4CE0-8364-ED5F157B36F7}.Release|ARM.Deploy.0 = Release|ARM
		{F38A2BDA-F726-4CE0-8364-ED5F157B36F7}.Release|iPhone.ActiveCfg = Release|x86
		{F38A2BDA-F726-4CE0-8364-ED5F157B36F7}.Release|iPhoneSimulator.ActiveCfg = Release|x86
		{F38A2BDA-F726-4CE0-8364-ED5F157B36F7}.Release|x64.ActiveCfg = Release|x64
		{F38A2BDA-F726-4CE0-8364-ED5F157B36F7}.Release|x64.Build.0 = Release|x64
		{F38A2BDA-F726-4CE0-8364-ED5F157B36F7}.Release|x64.Deploy.0 = Release|x64
		{F38A2BDA-F726-4CE0-8364-ED5F157B36F7}.Release|x86.ActiveCfg = Release|x86
		{F38A2BDA-F726-4CE0-8364-ED5F157B36F7}.Release|x86.Build.0 = Release|x86
		{F38A2BDA-F726-4CE0-8364-ED5F157B36F7}.Release|x86.Deploy.0 = Release|x86
		{C841BC0F-6D8E-409E-AF7A-73A9E76F4346}.Ad-Hoc|Any CPU.ActiveCfg = Release|x64
		{C841BC0F-6D8E-409E-AF7A-73A9E76F4346}.Ad-Hoc|Any CPU.Build.0 = Release|x64
		{C841BC0F-6D8E-409E-AF7A-73A9E76F4346}.Ad-Hoc|Any CPU.Deploy.0 = Release|x64
		{C841BC0F-6D8E-409E-AF7A-73A9E76F4346}.Ad-Hoc|ARM.ActiveCfg = Release|ARM
		{C841BC0F-6D8E-409E-AF7A-73A9E76F4346}.Ad-Hoc|ARM.Build.0 = Release|ARM
		{C841BC0F-6D8E-409E-AF7A-73A9E76F4346}.Ad-Hoc|ARM.Deploy.0 = Release|ARM
		{C841BC0F-6D8E-409E-AF7A-73A9E76F4346}.Ad-Hoc|iPhone.ActiveCfg = Release|x64
		{C841BC0F-6D8E-409E-AF7A-73A9E76F4346}.Ad-Hoc|iPhone.Build.0 = Release|x64
		{C841BC0F-6D8E-409E-AF7A-73A9E76F4346}.Ad-Hoc|iPhone.Deploy.0 = Release|x64
		{C841BC0F-6D8E-409E-AF7A-73A9E76F4346}.Ad-Hoc|iPhoneSimulator.ActiveCfg = Release|x64
		{C841BC0F-6D8E-409E-AF7A-73A9E76F4346}.Ad-Hoc|iPhoneSimulator.Build.0 = Release|x64
		{C841BC0F-6D8E-409E-AF7A-73A9E76F4346}.Ad-Hoc|iPhoneSimulator.Deploy.0 = Release|x64
		{C841BC0F-6D8E-409E-AF7A-73A9E76F4346}.Ad-Hoc|x64.ActiveCfg = Release|x64
		{C841BC0F-6D8E-409E-AF7A-73A9E76F4346}.Ad-Hoc|x64.Build.0 = Release|x64
		{C841BC0F-6D8E-409E-AF7A-73A9E76F4346}.Ad-Hoc|x64.Deploy.0 = Release|x64
		{C841BC0F-6D8E-409E-AF7A-73A9E76F4346}.Ad-Hoc|x86.ActiveCfg = Release|x86
		{C841BC0F-6D8E-409E-AF7A-73A9E76F4346}.Ad-Hoc|x86.Build.0 = Release|x86
		{C841BC0F-6D8E-409E-AF7A-73A9E76F4346}.Ad-Hoc|x86.Deploy.0 = Release|x86
		{C841BC0F-6D8E-409E-AF7A-73A9E76F4346}.AppStore|Any CPU.ActiveCfg = Release|x64
		{C841BC0F-6D8E-409E-AF7A-73A9E76F4346}.AppStore|Any CPU.Build.0 = Release|x64
		{C841BC0F-6D8E-409E-AF7A-73A9E76F4346}.AppStore|Any CPU.Deploy.0 = Release|x64
		{C841BC0F-6D8E-409E-AF7A-73A9E76F4346}.AppStore|ARM.ActiveCfg = Release|ARM
		{C841BC0F-6D8E-409E-AF7A-73A9E76F4346}.AppStore|ARM.Build.0 = Release|ARM
		{C841BC0F-6D8E-409E-AF7A-73A9E76F4346}.AppStore|ARM.Deploy.0 = Release|ARM
		{C841BC0F-6D8E-409E-AF7A-73A9E76F4346}.AppStore|iPhone.ActiveCfg = Release|x64
		{C841BC0F-6D8E-409E-AF7A-73A9E76F4346}.AppStore|iPhone.Build.0 = Release|x64
		{C841BC0F-6D8E-409E-AF7A-73A9E76F4346}.AppStore|iPhone.Deploy.0 = Release|x64
		{C841BC0F-6D8E-409E-AF7A-73A9E76F4346}.AppStore|iPhoneSimulator.ActiveCfg = Release|x64
		{C841BC0F-6D8E-409E-AF7A-73A9E76F4346}.AppStore|iPhoneSimulator.Build.0 = Release|x64
		{C841BC0F-6D8E-409E-AF7A-73A9E76F4346}.AppStore|iPhoneSimulator.Deploy.0 = Release|x64
		{C841BC0F-6D8E-409E-AF7A-73A9E76F4346}.AppStore|x64.ActiveCfg = Release|x64
		{C841BC0F-6D8E-409E-AF7A-73A9E76F4346}.AppStore|x64.Build.0 = Release|x64
		{C841BC0F-6D8E-409E-AF7A-73A9E76F4346}.AppStore|x64.Deploy.0 = Release|x64
		{C841BC0F-6D8E-409E-AF7A-73A9E76F4346}.AppStore|x86.ActiveCfg = Release|x86
		{C841BC0F-6D8E-409E-AF7A-73A9E76F4346}.AppStore|x86.Build.0 = Release|x86
		{C841BC0F-6D8E-409E-AF7A-73A9E76F4346}.AppStore|x86.Deploy.0 = Release|x86
		{C841BC0F-6D8E-409E-AF7A-73A9E76F4346}.Debug|Any CPU.ActiveCfg = Debug|x86
		{C841BC0F-6D8E-409E-AF7A-73A9E76F4346}.Debug|ARM.ActiveCfg = Debug|ARM
		{C841BC0F-6D8E-409E-AF7A-73A9E76F4346}.Debug|iPhone.ActiveCfg = Debug|x86
		{C841BC0F-6D8E-409E-AF7A-73A9E76F4346}.Debug|iPhoneSimulator.ActiveCfg = Debug|x86
		{C841BC0F-6D8E-409E-AF7A-73A9E76F4346}.Debug|x64.ActiveCfg = Debug|x64
		{C841BC0F-6D8E-409E-AF7A-73A9E76F4346}.Debug|x64.Build.0 = Debug|x64
		{C841BC0F-6D8E-409E-AF7A-73A9E76F4346}.Debug|x64.Deploy.0 = Debug|x64
		{C841BC0F-6D8E-409E-AF7A-73A9E76F4346}.Debug|x86.ActiveCfg = Debug|x86
		{C841BC0F-6D8E-409E-AF7A-73A9E76F4346}.Debug|x86.Build.0 = Debug|x86
		{C841BC0F-6D8E-409E-AF7A-73A9E76F4346}.Debug|x86.Deploy.0 = Debug|x86
		{C841BC0F-6D8E-409E-AF7A-73A9E76F4346}.Release|Any CPU.ActiveCfg = Release|x86
		{C841BC0F-6D8E-409E-AF7A-73A9E76F4346}.Release|ARM.ActiveCfg = Release|ARM
		{C841BC0F-6D8E-409E-AF7A-73A9E76F4346}.Release|ARM.Build.0 = Release|ARM
		{C841BC0F-6D8E-409E-AF7A-73A9E76F4346}.Release|ARM.Deploy.0 = Release|ARM
		{C841BC0F-6D8E-409E-AF7A-73A9E76F4346}.Release|iPhone.ActiveCfg = Release|x86
		{C841BC0F-6D8E-409E-AF7A-73A9E76F4346}.Release|iPhoneSimulator.ActiveCfg = Release|x86
		{C841BC0F-6D8E-409E-AF7A-73A9E76F4346}.Release|x64.ActiveCfg = Release|x64
		{C841BC0F-6D8E-409E-AF7A-73A9E76F4346}.Release|x64.Build.0 = Release|x64
		{C841BC0F-6D8E-409E-AF7A-73A9E76F4346}.Release|x64.Deploy.0 = Release|x64
		{C841BC0F-6D8E-409E-AF7A-73A9E76F4346}.Release|x86.ActiveCfg = Release|x86
		{C841BC0F-6D8E-409E-AF7A-73A9E76F4346}.Release|x86.Build.0 = Release|x86
		{C841BC0F-6D8E-409E-AF7A-73A9E76F4346}.Release|x86.Deploy.0 = Release|x86
		{615D7428-670A-48B2-A6D5-7BA4C7DA11BB}.Ad-Hoc|Any CPU.ActiveCfg = Release|Any CPU
		{615D7428-670A-48B2-A6D5-7BA4C7DA11BB}.Ad-Hoc|Any CPU.Build.0 = Release|Any CPU
		{615D7428-670A-48B2-A6D5-7BA4C7DA11BB}.Ad-Hoc|Any CPU.Deploy.0 = Release|Any CPU
		{615D7428-670A-48B2-A6D5-7BA4C7DA11BB}.Ad-Hoc|ARM.ActiveCfg = Release|Any CPU
		{615D7428-670A-48B2-A6D5-7BA4C7DA11BB}.Ad-Hoc|ARM.Build.0 = Release|Any CPU
		{615D7428-670A-48B2-A6D5-7BA4C7DA11BB}.Ad-Hoc|ARM.Deploy.0 = Release|Any CPU
		{615D7428-670A-48B2-A6D5-7BA4C7DA11BB}.Ad-Hoc|iPhone.ActiveCfg = Release|Any CPU
		{615D7428-670A-48B2-A6D5-7BA4C7DA11BB}.Ad-Hoc|iPhone.Build.0 = Release|Any CPU
		{615D7428-670A-48B2-A6D5-7BA4C7DA11BB}.Ad-Hoc|iPhone.Deploy.0 = Release|Any CPU
		{615D7428-670A-48B2-A6D5-7BA4C7DA11BB}.Ad-Hoc|iPhoneSimulator.ActiveCfg = Release|Any CPU
		{615D7428-670A-48B2-A6D5-7BA4C7DA11BB}.Ad-Hoc|iPhoneSimulator.Build.0 = Release|Any CPU
		{615D7428-670A-48B2-A6D5-7BA4C7DA11BB}.Ad-Hoc|iPhoneSimulator.Deploy.0 = Release|Any CPU
		{615D7428-670A-48B2-A6D5-7BA4C7DA11BB}.Ad-Hoc|x64.ActiveCfg = Release|Any CPU
		{615D7428-670A-48B2-A6D5-7BA4C7DA11BB}.Ad-Hoc|x64.Build.0 = Release|Any CPU
		{615D7428-670A-48B2-A6D5-7BA4C7DA11BB}.Ad-Hoc|x64.Deploy.0 = Release|Any CPU
		{615D7428-670A-48B2-A6D5-7BA4C7DA11BB}.Ad-Hoc|x86.ActiveCfg = Release|Any CPU
		{615D7428-670A-48B2-A6D5-7BA4C7DA11BB}.Ad-Hoc|x86.Build.0 = Release|Any CPU
		{615D7428-670A-48B2-A6D5-7BA4C7DA11BB}.Ad-Hoc|x86.Deploy.0 = Release|Any CPU
		{615D7428-670A-48B2-A6D5-7BA4C7DA11BB}.AppStore|Any CPU.ActiveCfg = Release|Any CPU
		{615D7428-670A-48B2-A6D5-7BA4C7DA11BB}.AppStore|Any CPU.Build.0 = Release|Any CPU
		{615D7428-670A-48B2-A6D5-7BA4C7DA11BB}.AppStore|Any CPU.Deploy.0 = Release|Any CPU
		{615D7428-670A-48B2-A6D5-7BA4C7DA11BB}.AppStore|ARM.ActiveCfg = Release|Any CPU
		{615D7428-670A-48B2-A6D5-7BA4C7DA11BB}.AppStore|ARM.Build.0 = Release|Any CPU
		{615D7428-670A-48B2-A6D5-7BA4C7DA11BB}.AppStore|ARM.Deploy.0 = Release|Any CPU
		{615D7428-670A-48B2-A6D5-7BA4C7DA11BB}.AppStore|iPhone.ActiveCfg = Release|Any CPU
		{615D7428-670A-48B2-A6D5-7BA4C7DA11BB}.AppStore|iPhone.Build.0 = Release|Any CPU
		{615D7428-670A-48B2-A6D5-7BA4C7DA11BB}.AppStore|iPhone.Deploy.0 = Release|Any CPU
		{615D7428-670A-48B2-A6D5-7BA4C7DA11BB}.AppStore|iPhoneSimulator.ActiveCfg = Release|Any CPU
		{615D7428-670A-48B2-A6D5-7BA4C7DA11BB}.AppStore|iPhoneSimulator.Build.0 = Release|Any CPU
		{615D7428-670A-48B2-A6D5-7BA4C7DA11BB}.AppStore|iPhoneSimulator.Deploy.0 = Release|Any CPU
		{615D7428-670A-48B2-A6D5-7BA4C7DA11BB}.AppStore|x64.ActiveCfg = Release|Any CPU
		{615D7428-670A-48B2-A6D5-7BA4C7DA11BB}.AppStore|x64.Build.0 = Release|Any CPU
		{615D7428-670A-48B2-A6D5-7BA4C7DA11BB}.AppStore|x64.Deploy.0 = Release|Any CPU
		{615D7428-670A-48B2-A6D5-7BA4C7DA11BB}.AppStore|x86.ActiveCfg = Release|Any CPU
		{615D7428-670A-48B2-A6D5-7BA4C7DA11BB}.AppStore|x86.Build.0 = Release|Any CPU
		{615D7428-670A-48B2-A6D5-7BA4C7DA11BB}.AppStore|x86.Deploy.0 = Release|Any CPU
		{615D7428-670A-48B2-A6D5-7BA4C7DA11BB}.Debug|Any CPU.ActiveCfg = Debug|Any CPU
		{615D7428-670A-48B2-A6D5-7BA4C7DA11BB}.Debug|Any CPU.Build.0 = Debug|Any CPU
		{615D7428-670A-48B2-A6D5-7BA4C7DA11BB}.Debug|Any CPU.Deploy.0 = Debug|Any CPU
		{615D7428-670A-48B2-A6D5-7BA4C7DA11BB}.Debug|ARM.ActiveCfg = Debug|Any CPU
		{615D7428-670A-48B2-A6D5-7BA4C7DA11BB}.Debug|ARM.Build.0 = Debug|Any CPU
		{615D7428-670A-48B2-A6D5-7BA4C7DA11BB}.Debug|ARM.Deploy.0 = Debug|Any CPU
		{615D7428-670A-48B2-A6D5-7BA4C7DA11BB}.Debug|iPhone.ActiveCfg = Debug|Any CPU
		{615D7428-670A-48B2-A6D5-7BA4C7DA11BB}.Debug|iPhone.Build.0 = Debug|Any CPU
		{615D7428-670A-48B2-A6D5-7BA4C7DA11BB}.Debug|iPhone.Deploy.0 = Debug|Any CPU
		{615D7428-670A-48B2-A6D5-7BA4C7DA11BB}.Debug|iPhoneSimulator.ActiveCfg = Debug|Any CPU
		{615D7428-670A-48B2-A6D5-7BA4C7DA11BB}.Debug|iPhoneSimulator.Build.0 = Debug|Any CPU
		{615D7428-670A-48B2-A6D5-7BA4C7DA11BB}.Debug|iPhoneSimulator.Deploy.0 = Debug|Any CPU
		{615D7428-670A-48B2-A6D5-7BA4C7DA11BB}.Debug|x64.ActiveCfg = Debug|Any CPU
		{615D7428-670A-48B2-A6D5-7BA4C7DA11BB}.Debug|x64.Build.0 = Debug|Any CPU
		{615D7428-670A-48B2-A6D5-7BA4C7DA11BB}.Debug|x64.Deploy.0 = Debug|Any CPU
		{615D7428-670A-48B2-A6D5-7BA4C7DA11BB}.Debug|x86.ActiveCfg = Debug|Any CPU
		{615D7428-670A-48B2-A6D5-7BA4C7DA11BB}.Debug|x86.Build.0 = Debug|Any CPU
		{615D7428-670A-48B2-A6D5-7BA4C7DA11BB}.Debug|x86.Deploy.0 = Debug|Any CPU
		{615D7428-670A-48B2-A6D5-7BA4C7DA11BB}.Release|Any CPU.ActiveCfg = Release|Any CPU
		{615D7428-670A-48B2-A6D5-7BA4C7DA11BB}.Release|Any CPU.Build.0 = Release|Any CPU
		{615D7428-670A-48B2-A6D5-7BA4C7DA11BB}.Release|Any CPU.Deploy.0 = Release|Any CPU
		{615D7428-670A-48B2-A6D5-7BA4C7DA11BB}.Release|ARM.ActiveCfg = Release|Any CPU
		{615D7428-670A-48B2-A6D5-7BA4C7DA11BB}.Release|ARM.Build.0 = Release|Any CPU
		{615D7428-670A-48B2-A6D5-7BA4C7DA11BB}.Release|ARM.Deploy.0 = Release|Any CPU
		{615D7428-670A-48B2-A6D5-7BA4C7DA11BB}.Release|iPhone.ActiveCfg = Release|Any CPU
		{615D7428-670A-48B2-A6D5-7BA4C7DA11BB}.Release|iPhone.Build.0 = Release|Any CPU
		{615D7428-670A-48B2-A6D5-7BA4C7DA11BB}.Release|iPhone.Deploy.0 = Release|Any CPU
		{615D7428-670A-48B2-A6D5-7BA4C7DA11BB}.Release|iPhoneSimulator.ActiveCfg = Release|Any CPU
		{615D7428-670A-48B2-A6D5-7BA4C7DA11BB}.Release|iPhoneSimulator.Build.0 = Release|Any CPU
		{615D7428-670A-48B2-A6D5-7BA4C7DA11BB}.Release|iPhoneSimulator.Deploy.0 = Release|Any CPU
		{615D7428-670A-48B2-A6D5-7BA4C7DA11BB}.Release|x64.ActiveCfg = Release|Any CPU
		{615D7428-670A-48B2-A6D5-7BA4C7DA11BB}.Release|x64.Build.0 = Release|Any CPU
		{615D7428-670A-48B2-A6D5-7BA4C7DA11BB}.Release|x64.Deploy.0 = Release|Any CPU
		{615D7428-670A-48B2-A6D5-7BA4C7DA11BB}.Release|x86.ActiveCfg = Release|Any CPU
		{615D7428-670A-48B2-A6D5-7BA4C7DA11BB}.Release|x86.Build.0 = Release|Any CPU
		{615D7428-670A-48B2-A6D5-7BA4C7DA11BB}.Release|x86.Deploy.0 = Release|Any CPU
	EndGlobalSection
	GlobalSection(SolutionProperties) = preSolution
		HideSolutionNode = FALSE
	EndGlobalSection
EndGlobal
