
Microsoft Visual Studio Solution File, Format Version 12.00
# Visual Studio 14
VisualStudioVersion = 14.0.25123.0
MinimumVisualStudioVersion = 10.0.40219.1
Project("{FAE04EC0-301F-11D3-BF4B-00C04F79EFBC}") = "jcTM.WebAPI", "jcTM.WebAPI\jcTM.WebAPI.csproj", "{C481B726-1827-4F84-A748-268E1BCFF297}"
EndProject
Project("{FAE04EC0-301F-11D3-BF4B-00C04F79EFBC}") = "jcTM.WebAPI.DataLayer", "jcTM.WebAPI.DataLayer\jcTM.WebAPI.DataLayer.csproj", "{176071AC-E825-4E5D-B491-731598B5D080}"
EndProject
Project("{FAE04EC0-301F-11D3-BF4B-00C04F79EFBC}") = "jcTM.PCL", "jcTM.PCL\jcTM.PCL.csproj", "{EFD7973B-4424-4E12-8DFB-BC362A66C19B}"
EndProject
Project("{FAE04EC0-301F-11D3-BF4B-00C04F79EFBC}") = "jcTM.UWP", "jcTM.UWP\jcTM.UWP.csproj", "{F38A2BDA-F726-4CE0-8364-ED5F157B36F7}"
EndProject
Project("{FAE04EC0-301F-11D3-BF4B-00C04F79EFBC}") = "jcTM.UWP.IoT", "jcTM.UWP.IoT\jcTM.UWP.IoT.csproj", "{C841BC0F-6D8E-409E-AF7A-73A9E76F4346}"
EndProject
Global
	GlobalSection(SolutionConfigurationPlatforms) = preSolution
		Debug|Any CPU = Debug|Any CPU
		Debug|ARM = Debug|ARM
		Debug|x64 = Debug|x64
		Debug|x86 = Debug|x86
		Release|Any CPU = Release|Any CPU
		Release|ARM = Release|ARM
		Release|x64 = Release|x64
		Release|x86 = Release|x86
	EndGlobalSection
	GlobalSection(ProjectConfigurationPlatforms) = postSolution
		{C481B726-1827-4F84-A748-268E1BCFF297}.Debug|Any CPU.ActiveCfg = Debug|Any CPU
		{C481B726-1827-4F84-A748-268E1BCFF297}.Debug|Any CPU.Build.0 = Debug|Any CPU
		{C481B726-1827-4F84-A748-268E1BCFF297}.Debug|ARM.ActiveCfg = Debug|Any CPU
		{C481B726-1827-4F84-A748-268E1BCFF297}.Debug|ARM.Build.0 = Debug|Any CPU
		{C481B726-1827-4F84-A748-268E1BCFF297}.Debug|x64.ActiveCfg = Debug|Any CPU
		{C481B726-1827-4F84-A748-268E1BCFF297}.Debug|x64.Build.0 = Debug|Any CPU
		{C481B726-1827-4F84-A748-268E1BCFF297}.Debug|x86.ActiveCfg = Debug|Any CPU
		{C481B726-1827-4F84-A748-268E1BCFF297}.Debug|x86.Build.0 = Debug|Any CPU
		{C481B726-1827-4F84-A748-268E1BCFF297}.Release|Any CPU.ActiveCfg = Release|Any CPU
		{C481B726-1827-4F84-A748-268E1BCFF297}.Release|Any CPU.Build.0 = Release|Any CPU
		{C481B726-1827-4F84-A748-268E1BCFF297}.Release|ARM.ActiveCfg = Release|Any CPU
		{C481B726-1827-4F84-A748-268E1BCFF297}.Release|ARM.Build.0 = Release|Any CPU
		{C481B726-1827-4F84-A748-268E1BCFF297}.Release|x64.ActiveCfg = Release|Any CPU
		{C481B726-1827-4F84-A748-268E1BCFF297}.Release|x64.Build.0 = Release|Any CPU
		{C481B726-1827-4F84-A748-268E1BCFF297}.Release|x86.ActiveCfg = Release|Any CPU
		{C481B726-1827-4F84-A748-268E1BCFF297}.Release|x86.Build.0 = Release|Any CPU
		{176071AC-E825-4E5D-B491-731598B5D080}.Debug|Any CPU.ActiveCfg = Debug|Any CPU
		{176071AC-E825-4E5D-B491-731598B5D080}.Debug|Any CPU.Build.0 = Debug|Any CPU
		{176071AC-E825-4E5D-B491-731598B5D080}.Debug|ARM.ActiveCfg = Debug|Any CPU
		{176071AC-E825-4E5D-B491-731598B5D080}.Debug|ARM.Build.0 = Debug|Any CPU
		{176071AC-E825-4E5D-B491-731598B5D080}.Debug|x64.ActiveCfg = Debug|Any CPU
		{176071AC-E825-4E5D-B491-731598B5D080}.Debug|x64.Build.0 = Debug|Any CPU
		{176071AC-E825-4E5D-B491-731598B5D080}.Debug|x86.ActiveCfg = Debug|Any CPU
		{176071AC-E825-4E5D-B491-731598B5D080}.Debug|x86.Build.0 = Debug|Any CPU
		{176071AC-E825-4E5D-B491-731598B5D080}.Release|Any CPU.ActiveCfg = Release|Any CPU
		{176071AC-E825-4E5D-B491-731598B5D080}.Release|Any CPU.Build.0 = Release|Any CPU
		{176071AC-E825-4E5D-B491-731598B5D080}.Release|ARM.ActiveCfg = Release|Any CPU
		{176071AC-E825-4E5D-B491-731598B5D080}.Release|ARM.Build.0 = Release|Any CPU
		{176071AC-E825-4E5D-B491-731598B5D080}.Release|x64.ActiveCfg = Release|Any CPU
		{176071AC-E825-4E5D-B491-731598B5D080}.Release|x64.Build.0 = Release|Any CPU
		{176071AC-E825-4E5D-B491-731598B5D080}.Release|x86.ActiveCfg = Release|Any CPU
		{176071AC-E825-4E5D-B491-731598B5D080}.Release|x86.Build.0 = Release|Any CPU
		{EFD7973B-4424-4E12-8DFB-BC362A66C19B}.Debug|Any CPU.ActiveCfg = Debug|Any CPU
		{EFD7973B-4424-4E12-8DFB-BC362A66C19B}.Debug|Any CPU.Build.0 = Debug|Any CPU
		{EFD7973B-4424-4E12-8DFB-BC362A66C19B}.Debug|ARM.ActiveCfg = Debug|Any CPU
		{EFD7973B-4424-4E12-8DFB-BC362A66C19B}.Debug|ARM.Build.0 = Debug|Any CPU
		{EFD7973B-4424-4E12-8DFB-BC362A66C19B}.Debug|x64.ActiveCfg = Debug|Any CPU
		{EFD7973B-4424-4E12-8DFB-BC362A66C19B}.Debug|x64.Build.0 = Debug|Any CPU
		{EFD7973B-4424-4E12-8DFB-BC362A66C19B}.Debug|x86.ActiveCfg = Debug|Any CPU
		{EFD7973B-4424-4E12-8DFB-BC362A66C19B}.Debug|x86.Build.0 = Debug|Any CPU
		{EFD7973B-4424-4E12-8DFB-BC362A66C19B}.Release|Any CPU.ActiveCfg = Release|Any CPU
		{EFD7973B-4424-4E12-8DFB-BC362A66C19B}.Release|Any CPU.Build.0 = Release|Any CPU
		{EFD7973B-4424-4E12-8DFB-BC362A66C19B}.Release|ARM.ActiveCfg = Release|Any CPU
		{EFD7973B-4424-4E12-8DFB-BC362A66C19B}.Release|ARM.Build.0 = Release|Any CPU
		{EFD7973B-4424-4E12-8DFB-BC362A66C19B}.Release|x64.ActiveCfg = Release|Any CPU
		{EFD7973B-4424-4E12-8DFB-BC362A66C19B}.Release|x64.Build.0 = Release|Any CPU
		{EFD7973B-4424-4E12-8DFB-BC362A66C19B}.Release|x86.ActiveCfg = Release|Any CPU
		{EFD7973B-4424-4E12-8DFB-BC362A66C19B}.Release|x86.Build.0 = Release|Any CPU
		{F38A2BDA-F726-4CE0-8364-ED5F157B36F7}.Debug|Any CPU.ActiveCfg = Debug|x86
		{F38A2BDA-F726-4CE0-8364-ED5F157B36F7}.Debug|Any CPU.Build.0 = Debug|x86
		{F38A2BDA-F726-4CE0-8364-ED5F157B36F7}.Debug|Any CPU.Deploy.0 = Debug|x86
		{F38A2BDA-F726-4CE0-8364-ED5F157B36F7}.Debug|ARM.ActiveCfg = Debug|ARM
		{F38A2BDA-F726-4CE0-8364-ED5F157B36F7}.Debug|ARM.Build.0 = Debug|ARM
		{F38A2BDA-F726-4CE0-8364-ED5F157B36F7}.Debug|ARM.Deploy.0 = Debug|ARM
		{F38A2BDA-F726-4CE0-8364-ED5F157B36F7}.Debug|x64.ActiveCfg = Debug|x64
		{F38A2BDA-F726-4CE0-8364-ED5F157B36F7}.Debug|x64.Build.0 = Debug|x64
		{F38A2BDA-F726-4CE0-8364-ED5F157B36F7}.Debug|x64.Deploy.0 = Debug|x64
		{F38A2BDA-F726-4CE0-8364-ED5F157B36F7}.Debug|x86.ActiveCfg = Debug|x86
		{F38A2BDA-F726-4CE0-8364-ED5F157B36F7}.Debug|x86.Build.0 = Debug|x86
		{F38A2BDA-F726-4CE0-8364-ED5F157B36F7}.Debug|x86.Deploy.0 = Debug|x86
		{F38A2BDA-F726-4CE0-8364-ED5F157B36F7}.Release|Any CPU.ActiveCfg = Release|x86
		{F38A2BDA-F726-4CE0-8364-ED5F157B36F7}.Release|ARM.ActiveCfg = Release|ARM
		{F38A2BDA-F726-4CE0-8364-ED5F157B36F7}.Release|ARM.Build.0 = Release|ARM
		{F38A2BDA-F726-4CE0-8364-ED5F157B36F7}.Release|ARM.Deploy.0 = Release|ARM
		{F38A2BDA-F726-4CE0-8364-ED5F157B36F7}.Release|x64.ActiveCfg = Release|x64
		{F38A2BDA-F726-4CE0-8364-ED5F157B36F7}.Release|x64.Build.0 = Release|x64
		{F38A2BDA-F726-4CE0-8364-ED5F157B36F7}.Release|x64.Deploy.0 = Release|x64
		{F38A2BDA-F726-4CE0-8364-ED5F157B36F7}.Release|x86.ActiveCfg = Release|x86
		{F38A2BDA-F726-4CE0-8364-ED5F157B36F7}.Release|x86.Build.0 = Release|x86
		{F38A2BDA-F726-4CE0-8364-ED5F157B36F7}.Release|x86.Deploy.0 = Release|x86
		{C841BC0F-6D8E-409E-AF7A-73A9E76F4346}.Debug|Any CPU.ActiveCfg = Debug|x86
		{C841BC0F-6D8E-409E-AF7A-73A9E76F4346}.Debug|ARM.ActiveCfg = Debug|ARM
		{C841BC0F-6D8E-409E-AF7A-73A9E76F4346}.Debug|ARM.Build.0 = Debug|ARM
		{C841BC0F-6D8E-409E-AF7A-73A9E76F4346}.Debug|ARM.Deploy.0 = Debug|ARM
		{C841BC0F-6D8E-409E-AF7A-73A9E76F4346}.Debug|x64.ActiveCfg = Debug|x64
		{C841BC0F-6D8E-409E-AF7A-73A9E76F4346}.Debug|x64.Build.0 = Debug|x64
		{C841BC0F-6D8E-409E-AF7A-73A9E76F4346}.Debug|x64.Deploy.0 = Debug|x64
		{C841BC0F-6D8E-409E-AF7A-73A9E76F4346}.Debug|x86.ActiveCfg = Debug|x86
		{C841BC0F-6D8E-409E-AF7A-73A9E76F4346}.Debug|x86.Build.0 = Debug|x86
		{C841BC0F-6D8E-409E-AF7A-73A9E76F4346}.Debug|x86.Deploy.0 = Debug|x86
		{C841BC0F-6D8E-409E-AF7A-73A9E76F4346}.Release|Any CPU.ActiveCfg = Release|x86
		{C841BC0F-6D8E-409E-AF7A-73A9E76F4346}.Release|ARM.ActiveCfg = Release|ARM
		{C841BC0F-6D8E-409E-AF7A-73A9E76F4346}.Release|ARM.Build.0 = Release|ARM
		{C841BC0F-6D8E-409E-AF7A-73A9E76F4346}.Release|ARM.Deploy.0 = Release|ARM
		{C841BC0F-6D8E-409E-AF7A-73A9E76F4346}.Release|x64.ActiveCfg = Release|x64
		{C841BC0F-6D8E-409E-AF7A-73A9E76F4346}.Release|x64.Build.0 = Release|x64
		{C841BC0F-6D8E-409E-AF7A-73A9E76F4346}.Release|x64.Deploy.0 = Release|x64
		{C841BC0F-6D8E-409E-AF7A-73A9E76F4346}.Release|x86.ActiveCfg = Release|x86
		{C841BC0F-6D8E-409E-AF7A-73A9E76F4346}.Release|x86.Build.0 = Release|x86
		{C841BC0F-6D8E-409E-AF7A-73A9E76F4346}.Release|x86.Deploy.0 = Release|x86
	EndGlobalSection
	GlobalSection(SolutionProperties) = preSolution
		HideSolutionNode = FALSE
	EndGlobalSection
EndGlobal
